
Microsoft Visual Studio Solution File, Format Version 12.00
# Visual Studio Version 17
VisualStudioVersion = 17.1.32421.90
MinimumVisualStudioVersion = 10.0.40219.1
Project("{FAE04EC0-301F-11D3-BF4B-00C04F79EFBC}") = "ClientKingOfDices", "ClientKingOfDices\ClientKingOfDices.csproj", "{4E7F0AA3-EC31-4CB1-8DB7-C497FCB47D33}"
EndProject
Global
	GlobalSection(SolutionConfigurationPlatforms) = preSolution
		Debug|Any CPU = Debug|Any CPU
		Release|Any CPU = Release|Any CPU
	EndGlobalSection
	GlobalSection(ProjectConfigurationPlatforms) = postSolution
		{4E7F0AA3-EC31-4CB1-8DB7-C497FCB47D33}.Debug|Any CPU.ActiveCfg = Debug|Any CPU
		{4E7F0AA3-EC31-4CB1-8DB7-C497FCB47D33}.Debug|Any CPU.Build.0 = Debug|Any CPU
		{4E7F0AA3-EC31-4CB1-8DB7-C497FCB47D33}.Release|Any CPU.ActiveCfg = Release|Any CPU
		{4E7F0AA3-EC31-4CB1-8DB7-C497FCB47D33}.Release|Any CPU.Build.0 = Release|Any CPU
	EndGlobalSection
	GlobalSection(SolutionProperties) = preSolution
		HideSolutionNode = FALSE
	EndGlobalSection
	GlobalSection(ExtensibilityGlobals) = postSolution
		SolutionGuid = {76A999B1-66B0-4FB6-BDD7-41F1652126A0}
	EndGlobalSection
EndGlobal
